
Microsoft Visual Studio Solution File, Format Version 12.00
# Visual Studio Version 16
VisualStudioVersion = 16.0.29215.179
MinimumVisualStudioVersion = 10.0.40219.1
Project("{FAE04EC0-301F-11D3-BF4B-00C04F79EFBC}") = "ICA_9_10", "ICA_9_10.csproj", "{EA859ECA-5EA2-41F4-84FB-81B33BF4F8C9}"
EndProject
Global
	GlobalSection(SolutionConfigurationPlatforms) = preSolution
		Debug|Any CPU = Debug|Any CPU
		Release|Any CPU = Release|Any CPU
	EndGlobalSection
	GlobalSection(ProjectConfigurationPlatforms) = postSolution
		{EA859ECA-5EA2-41F4-84FB-81B33BF4F8C9}.Debug|Any CPU.ActiveCfg = Debug|Any CPU
		{EA859ECA-5EA2-41F4-84FB-81B33BF4F8C9}.Debug|Any CPU.Build.0 = Debug|Any CPU
		{EA859ECA-5EA2-41F4-84FB-81B33BF4F8C9}.Release|Any CPU.ActiveCfg = Release|Any CPU
		{EA859ECA-5EA2-41F4-84FB-81B33BF4F8C9}.Release|Any CPU.Build.0 = Release|Any CPU
	EndGlobalSection
	GlobalSection(SolutionProperties) = preSolution
		HideSolutionNode = FALSE
	EndGlobalSection
	GlobalSection(ExtensibilityGlobals) = postSolution
		SolutionGuid = {1C6E9E65-423F-450E-976B-6736D766A4C2}
	EndGlobalSection
EndGlobal
